
Microsoft Visual Studio Solution File, Format Version 12.00
# Visual Studio 2013
VisualStudioVersion = 12.0.21005.1
MinimumVisualStudioVersion = 10.0.40219.1
Project("{8BC9CEB8-8B4A-11D0-8D11-00A0C91BC942}") = "820", "820\820.vcxproj", "{47839207-36C0-4780-B92F-B7468E656206}"
EndProject
Global
	GlobalSection(SolutionConfigurationPlatforms) = preSolution
		Debug|Win32 = Debug|Win32
		Release|Win32 = Release|Win32
	EndGlobalSection
	GlobalSection(ProjectConfigurationPlatforms) = postSolution
		{47839207-36C0-4780-B92F-B7468E656206}.Debug|Win32.ActiveCfg = Debug|Win32
		{47839207-36C0-4780-B92F-B7468E656206}.Debug|Win32.Build.0 = Debug|Win32
		{47839207-36C0-4780-B92F-B7468E656206}.Release|Win32.ActiveCfg = Release|Win32
		{47839207-36C0-4780-B92F-B7468E656206}.Release|Win32.Build.0 = Release|Win32
	EndGlobalSection
	GlobalSection(SolutionProperties) = preSolution
		HideSolutionNode = FALSE
	EndGlobalSection
EndGlobal
